// !$*UTF8*$!
{
	archiveVersion = 1;
	classes = {
	};
	objectVersion = 46;
	objects = {

/* Begin PBXBuildFile section */
		8D8CA43A14D3050D0008223D /* UIKit.framework in Frameworks */ = {isa = PBXBuildFile; fileRef = 8D8CA43914D3050D0008223D /* UIKit.framework */; };
		8D8CA43C14D3050D0008223D /* Foundation.framework in Frameworks */ = {isa = PBXBuildFile; fileRef = 8D8CA43B14D3050D0008223D /* Foundation.framework */; };
		8D8CA43E14D3050D0008223D /* CoreGraphics.framework in Frameworks */ = {isa = PBXBuildFile; fileRef = 8D8CA43D14D3050D0008223D /* CoreGraphics.framework */; };
		8D8CA44414D3050D0008223D /* InfoPlist.strings in Resources */ = {isa = PBXBuildFile; fileRef = 8D8CA44214D3050D0008223D /* InfoPlist.strings */; };
		8D8CA44614D3050D0008223D /* main.m in Sources */ = {isa = PBXBuildFile; fileRef = 8D8CA44514D3050D0008223D /* main.m */; };
		8D8CA44A14D3050D0008223D /* AppDelegate.m in Sources */ = {isa = PBXBuildFile; fileRef = 8D8CA44914D3050D0008223D /* AppDelegate.m */; };
/* End PBXBuildFile section */

/* Begin PBXFileReference section */
		8D8CA43514D3050D0008223D /* CloudDocument.app */ = {isa = PBXFileReference; explicitFileType = wrapper.application; includeInIndex = 0; path = CloudDocument.app; sourceTree = BUILT_PRODUCTS_DIR; };
		8D8CA43914D3050D0008223D /* UIKit.framework */ = {isa = PBXFileReference; lastKnownFileType = wrapper.framework; name = UIKit.framework; path = System/Library/Frameworks/UIKit.framework; sourceTree = SDKROOT; };
		8D8CA43B14D3050D0008223D /* Foundation.framework */ = {isa = PBXFileReference; lastKnownFileType = wrapper.framework; name = Foundation.framework; path = System/Library/Frameworks/Foundation.framework; sourceTree = SDKROOT; };
		8D8CA43D14D3050D0008223D /* CoreGraphics.framework */ = {isa = PBXFileReference; lastKnownFileType = wrapper.framework; name = CoreGraphics.framework; path = System/Library/Frameworks/CoreGraphics.framework; sourceTree = SDKROOT; };
		8D8CA44114D3050D0008223D /* CloudDocument-Info.plist */ = {isa = PBXFileReference; path = "CloudDocument-Info.plist"; sourceTree = "<group>"; };
		8D8CA44314D3050D0008223D /* en */ = {isa = PBXFileReference; lastKnownFileType = text.plist.strings; name = en; path = en.lproj/InfoPlist.strings; sourceTree = "<group>"; };
		8D8CA44514D3050D0008223D /* main.m */ = {isa = PBXFileReference; lastKnownFileType = sourcecode.c.objc; path = main.m; sourceTree = "<group>"; };
		8D8CA44714D3050D0008223D /* CloudDocument-Prefix.pch */ = {isa = PBXFileReference; path = "CloudDocument-Prefix.pch"; sourceTree = "<group>"; };
		8D8CA44814D3050D0008223D /* AppDelegate.h */ = {isa = PBXFileReference; path = AppDelegate.h; sourceTree = "<group>"; };
		8D8CA44914D3050D0008223D /* AppDelegate.m */ = {isa = PBXFileReference; lastKnownFileType = sourcecode.c.objc; path = AppDelegate.m; sourceTree = "<group>"; };
/* End PBXFileReference section */

/* Begin PBXFrameworksBuildPhase section */
		8D8CA43214D3050D0008223D /* Frameworks */ = {
			isa = PBXFrameworksBuildPhase;
			buildActionMask = 2147483647;
			files = (
				8D8CA43A14D3050D0008223D /* UIKit.framework in Frameworks */,
				8D8CA43C14D3050D0008223D /* Foundation.framework in Frameworks */,
				8D8CA43E14D3050D0008223D /* CoreGraphics.framework in Frameworks */,
			);
			runOnlyForDeploymentPostprocessing = 0;
		};
/* End PBXFrameworksBuildPhase section */

/* Begin PBXGroup section */
		8D8CA42A14D3050D0008223D = {
			isa = PBXGroup;
			children = (
				8D8CA43F14D3050D0008223D /* CloudDocument */,
				8D8CA43814D3050D0008223D /* Frameworks */,
				8D8CA43614D3050D0008223D /* Products */,
			);
			sourceTree = "<group>";
		};
		8D8CA43614D3050D0008223D /* Products */ = {
			isa = PBXGroup;
			children = (
				8D8CA43514D3050D0008223D /* CloudDocument.app */,
			);
			name = Products;
			sourceTree = "<group>";
		};
		8D8CA43814D3050D0008223D /* Frameworks */ = {
			isa = PBXGroup;
			children = (
				8D8CA43914D3050D0008223D /* UIKit.framework */,
				8D8CA43B14D3050D0008223D /* Foundation.framework */,
				8D8CA43D14D3050D0008223D /* CoreGraphics.framework */,
			);
			name = Frameworks;
			sourceTree = "<group>";
		};
		8D8CA43F14D3050D0008223D /* CloudDocument */ = {
			isa = PBXGroup;
			children = (
				8D8CA44814D3050D0008223D /* AppDelegate.h */,
				8D8CA44914D3050D0008223D /* AppDelegate.m */,
				8D8CA44014D3050D0008223D /* Supporting Files */,
			);
			path = CloudDocument;
			sourceTree = "<group>";
		};
		8D8CA44014D3050D0008223D /* Supporting Files */ = {
			isa = PBXGroup;
			children = (
				8D8CA44114D3050D0008223D /* CloudDocument-Info.plist */,
				8D8CA44214D3050D0008223D /* InfoPlist.strings */,
				8D8CA44514D3050D0008223D /* main.m */,
				8D8CA44714D3050D0008223D /* CloudDocument-Prefix.pch */,
			);
			name = "Supporting Files";
			sourceTree = "<group>";
		};
/* End PBXGroup section */

/* Begin PBXNativeTarget section */
		8D8CA43414D3050D0008223D /* CloudDocument */ = {
			isa = PBXNativeTarget;
			buildConfigurationList = 8D8CA44D14D3050D0008223D /* Build configuration list for PBXNativeTarget "CloudDocument" */;
			buildPhases = (
				8D8CA43114D3050D0008223D /* Sources */,
				8D8CA43214D3050D0008223D /* Frameworks */,
				8D8CA43314D3050D0008223D /* Resources */,
			);
			buildRules = (
			);
			dependencies = (
			);
			name = CloudDocument;
			productName = CloudDocument;
			productReference = 8D8CA43514D3050D0008223D /* CloudDocument.app */;
			productType = "com.apple.product-type.application";
		};
/* End PBXNativeTarget section */

/* Begin PBXProject section */
		8D8CA42C14D3050D0008223D /* Project object */ = {
			isa = PBXProject;
			attributes = {
				LastUpgradeCheck = 0420;
				ORGANIZATIONNAME = "-";
			};
			buildConfigurationList = 8D8CA42F14D3050D0008223D /* Build configuration list for PBXProject "CloudDocument" */;
			compatibilityVersion = "Xcode 3.2";
			developmentRegion = English;
			hasScannedForEncodings = 0;
			knownRegions = (
				en,
			);
			mainGroup = 8D8CA42A14D3050D0008223D;
			productRefGroup = 8D8CA43614D3050D0008223D /* Products */;
			projectDirPath = "";
			projectRoot = "";
			targets = (
				8D8CA43414D3050D0008223D /* CloudDocument */,
			);
		};
/* End PBXProject section */

/* Begin PBXResourcesBuildPhase section */
		8D8CA43314D3050D0008223D /* Resources */ = {
			isa = PBXResourcesBuildPhase;
			buildActionMask = 2147483647;
			files = (
				8D8CA44414D3050D0008223D /* InfoPlist.strings in Resources */,
			);
			runOnlyForDeploymentPostprocessing = 0;
		};
/* End PBXResourcesBuildPhase section */

/* Begin PBXSourcesBuildPhase section */
		8D8CA43114D3050D0008223D /* Sources */ = {
			isa = PBXSourcesBuildPhase;
			buildActionMask = 2147483647;
			files = (
				8D8CA44614D3050D0008223D /* main.m in Sources */,
				8D8CA44A14D3050D0008223D /* AppDelegate.m in Sources */,
			);
			runOnlyForDeploymentPostprocessing = 0;
		};
/* End PBXSourcesBuildPhase section */

/* Begin PBXVariantGroup section */
		8D8CA44214D3050D0008223D /* InfoPlist.strings */ = {
			isa = PBXVariantGroup;
			children = (
				8D8CA44314D3050D0008223D /* en */,
			);
			name = InfoPlist.strings;
			sourceTree = "<group>";
		};
/* End PBXVariantGroup section */

/* Begin XCBuildConfiguration section */
		8D8CA44B14D3050D0008223D /* Debug */ = {
			isa = XCBuildConfiguration;
			buildSettings = {
				ALWAYS_SEARCH_USER_PATHS = NO;
				ARCHS = "$(ARCHS_STANDARD_32_BIT)";
				"CODE_SIGN_IDENTITY[sdk=iphoneos*]" = "iPhone Developer";
				COPY_PHASE_STRIP = NO;
				GCC_C_LANGUAGE_STANDARD = gnu99;
				GCC_DYNAMIC_NO_PIC = NO;
				GCC_OPTIMIZATION_LEVEL = 0;
				GCC_PREPROCESSOR_DEFINITIONS = (
					"DEBUG=1",
					"$(inherited)",
				);
				GCC_SYMBOLS_PRIVATE_EXTERN = NO;
				GCC_VERSION = com.apple.compilers.llvm.clang.1_0;
				GCC_WARN_ABOUT_MISSING_PROTOTYPES = YES;
				GCC_WARN_ABOUT_RETURN_TYPE = YES;
				GCC_WARN_UNUSED_VARIABLE = YES;
				IPHONEOS_DEPLOYMENT_TARGET = 5.0;
				SDKROOT = iphoneos;
			};
			name = Debug;
		};
		8D8CA44C14D3050D0008223D /* Release */ = {
			isa = XCBuildConfiguration;
			buildSettings = {
				ALWAYS_SEARCH_USER_PATHS = NO;
				ARCHS = "$(ARCHS_STANDARD_32_BIT)";
				"CODE_SIGN_IDENTITY[sdk=iphoneos*]" = "iPhone Developer";
				COPY_PHASE_STRIP = YES;
				GCC_C_LANGUAGE_STANDARD = gnu99;
				GCC_VERSION = com.apple.compilers.llvm.clang.1_0;
				GCC_WARN_ABOUT_MISSING_PROTOTYPES = YES;
				GCC_WARN_ABOUT_RETURN_TYPE = YES;
				GCC_WARN_UNUSED_VARIABLE = YES;
				IPHONEOS_DEPLOYMENT_TARGET = 5.0;
				OTHER_CFLAGS = "-DNS_BLOCK_ASSERTIONS=1";
				SDKROOT = iphoneos;
				VALIDATE_PRODUCT = YES;
			};
			name = Release;
		};
		8D8CA44E14D3050D0008223D /* Debug */ = {
			isa = XCBuildConfiguration;
			buildSettings = {
				GCC_PRECOMPILE_PREFIX_HEADER = YES;
				GCC_PREFIX_HEADER = "CloudDocument/CloudDocument-Prefix.pch";
				INFOPLIST_FILE = "CloudDocument/CloudDocument-Info.plist";
				PRODUCT_NAME = "$(TARGET_NAME)";
				WRAPPER_EXTENSION = app;
			};
			name = Debug;
		};
		8D8CA44F14D3050D0008223D /* Release */ = {
			isa = XCBuildConfiguration;
			buildSettings = {
				GCC_PRECOMPILE_PREFIX_HEADER = YES;
				GCC_PREFIX_HEADER = "CloudDocument/CloudDocument-Prefix.pch";
				INFOPLIST_FILE = "CloudDocument/CloudDocument-Info.plist";
				PRODUCT_NAME = "$(TARGET_NAME)";
				WRAPPER_EXTENSION = app;
			};
			name = Release;
		};
/* End XCBuildConfiguration section */

/* Begin XCConfigurationList section */
		8D8CA42F14D3050D0008223D /* Build configuration list for PBXProject "CloudDocument" */ = {
			isa = XCConfigurationList;
			buildConfigurations = (
				8D8CA44B14D3050D0008223D /* Debug */,
				8D8CA44C14D3050D0008223D /* Release */,
			);
			defaultConfigurationIsVisible = 0;
			defaultConfigurationName = Release;
		};
		8D8CA44D14D3050D0008223D /* Build configuration list for PBXNativeTarget "CloudDocument" */ = {
			isa = XCConfigurationList;
			buildConfigurations = (
				8D8CA44E14D3050D0008223D /* Debug */,
				8D8CA44F14D3050D0008223D /* Release */,
			);
			defaultConfigurationIsVisible = 0;
		};
/* End XCConfigurationList section */
	};
	rootObject = 8D8CA42C14D3050D0008223D /* Project object */;
}
